
Microsoft Visual Studio Solution File, Format Version 12.00
# Visual Studio Version 17
VisualStudioVersion = 17.13.35825.156
MinimumVisualStudioVersion = 10.0.40219.1
Project("{FAE04EC0-301F-11D3-BF4B-00C04F79EFBC}") = "LightAndLens_FormApp", "LightAndLens-FormApp\LightAndLens_FormApp.csproj", "{69A22A9C-A9FC-4B41-838E-73A857A40BE6}"
EndProject
Project("{FAE04EC0-301F-11D3-BF4B-00C04F79EFBC}") = "LightAndLensCL", "LightAndLensCL\LightAndLensCL.csproj", "{03DD2EA1-7E13-4AF4-9938-EE0A42FAE62D}"
EndProject
Project("{2150E333-8FDC-42A3-9474-1A3956D46DE8}") = "Solution Items", "Solution Items", "{02EA681E-C7D8-13C7-8484-4AC65E1B71E8}"
	ProjectSection(SolutionItems) = preProject
		.editorconfig = .editorconfig
	EndProjectSection
EndProject
Project("{FAE04EC0-301F-11D3-BF4B-00C04F79EFBC}") = "LightAndLens.WebApp", "LightAndLens.WebApp\LightAndLens.WebApp.csproj", "{CC558ED4-32AC-4169-BE74-0F8D7BFBB67D}"
EndProject
Project("{2150E333-8FDC-42A3-9474-1A3956D46DE8}") = "SharedImages", "SharedImages", "{CE8CF743-8880-42BE-BA25-3F0FCDD402F0}"
	ProjectSection(SolutionItems) = preProject
		..\..\..\Desktop\defaultCameraImage.png = ..\..\..\Desktop\defaultCameraImage.png
		SharedImages\equipment_3004_f7837d96-46a9-4a93-b2ae-7aae9d4a34b7.ee7886a1edadebb5617039a832aef144.webp = SharedImages\equipment_3004_f7837d96-46a9-4a93-b2ae-7aae9d4a34b7.ee7886a1edadebb5617039a832aef144.webp
		SharedImages\equipment_3005_sel85f14gm2.jpg = SharedImages\equipment_3005_sel85f14gm2.jpg
	EndProjectSection
EndProject
Global
	GlobalSection(SolutionConfigurationPlatforms) = preSolution
		Debug|Any CPU = Debug|Any CPU
		Release|Any CPU = Release|Any CPU
	EndGlobalSection
	GlobalSection(ProjectConfigurationPlatforms) = postSolution
		{69A22A9C-A9FC-4B41-838E-73A857A40BE6}.Debug|Any CPU.ActiveCfg = Debug|Any CPU
		{69A22A9C-A9FC-4B41-838E-73A857A40BE6}.Debug|Any CPU.Build.0 = Debug|Any CPU
		{69A22A9C-A9FC-4B41-838E-73A857A40BE6}.Release|Any CPU.ActiveCfg = Release|Any CPU
		{69A22A9C-A9FC-4B41-838E-73A857A40BE6}.Release|Any CPU.Build.0 = Release|Any CPU
		{03DD2EA1-7E13-4AF4-9938-EE0A42FAE62D}.Debug|Any CPU.ActiveCfg = Debug|Any CPU
		{03DD2EA1-7E13-4AF4-9938-EE0A42FAE62D}.Debug|Any CPU.Build.0 = Debug|Any CPU
		{03DD2EA1-7E13-4AF4-9938-EE0A42FAE62D}.Release|Any CPU.ActiveCfg = Release|Any CPU
		{03DD2EA1-7E13-4AF4-9938-EE0A42FAE62D}.Release|Any CPU.Build.0 = Release|Any CPU
		{CC558ED4-32AC-4169-BE74-0F8D7BFBB67D}.Debug|Any CPU.ActiveCfg = Debug|Any CPU
		{CC558ED4-32AC-4169-BE74-0F8D7BFBB67D}.Debug|Any CPU.Build.0 = Debug|Any CPU
		{CC558ED4-32AC-4169-BE74-0F8D7BFBB67D}.Release|Any CPU.ActiveCfg = Release|Any CPU
		{CC558ED4-32AC-4169-BE74-0F8D7BFBB67D}.Release|Any CPU.Build.0 = Release|Any CPU
	EndGlobalSection
	GlobalSection(SolutionProperties) = preSolution
		HideSolutionNode = FALSE
	EndGlobalSection
	GlobalSection(ExtensibilityGlobals) = postSolution
		SolutionGuid = {16222D1C-4814-41BD-BC90-136EFA970890}
	EndGlobalSection
EndGlobal
